
Microsoft Visual Studio Solution File, Format Version 12.00
# Visual Studio Version 16
VisualStudioVersion = 16.0.31613.86
MinimumVisualStudioVersion = 10.0.40219.1
Project("{9A19103F-16F7-4668-BE54-9A1E7A4F7556}") = "WebApplication3", "WebApplication3.csproj", "{A57EFC04-B848-4FEF-8FDD-C39168804C05}"
EndProject
Global
	GlobalSection(SolutionConfigurationPlatforms) = preSolution
		Development|Any CPU = Development|Any CPU
		Production|Any CPU = Production|Any CPU
		Staging|Any CPU = Staging|Any CPU
	EndGlobalSection
	GlobalSection(ProjectConfigurationPlatforms) = postSolution
		{A57EFC04-B848-4FEF-8FDD-C39168804C05}.Development|Any CPU.ActiveCfg = Debug|Any CPU
		{A57EFC04-B848-4FEF-8FDD-C39168804C05}.Development|Any CPU.Build.0 = Debug|Any CPU
		{A57EFC04-B848-4FEF-8FDD-C39168804C05}.Production|Any CPU.ActiveCfg = Release|Any CPU
		{A57EFC04-B848-4FEF-8FDD-C39168804C05}.Production|Any CPU.Build.0 = Release|Any CPU
		{A57EFC04-B848-4FEF-8FDD-C39168804C05}.Staging|Any CPU.ActiveCfg = Staging|Any CPU
		{A57EFC04-B848-4FEF-8FDD-C39168804C05}.Staging|Any CPU.Build.0 = Staging|Any CPU
	EndGlobalSection
	GlobalSection(SolutionProperties) = preSolution
		HideSolutionNode = FALSE
	EndGlobalSection
	GlobalSection(ExtensibilityGlobals) = postSolution
		SolutionGuid = {520FF6E3-ECB0-4E56-A4A7-F741A50F8C85}
	EndGlobalSection
EndGlobal
